
Microsoft Visual Studio Solution File, Format Version 12.00
# Visual Studio Version 17
VisualStudioVersion = 17.8.34525.116
MinimumVisualStudioVersion = 10.0.40219.1
Project("{FAE04EC0-301F-11D3-BF4B-00C04F79EFBC}") = "Tutorial_ControlFlows", "Tutorial_ControlFlows.csproj", "{709278F7-AC13-45DC-B073-82CCEBA685D6}"
EndProject
Global
	GlobalSection(SolutionConfigurationPlatforms) = preSolution
		Debug|Any CPU = Debug|Any CPU
		Release|Any CPU = Release|Any CPU
	EndGlobalSection
	GlobalSection(ProjectConfigurationPlatforms) = postSolution
		{709278F7-AC13-45DC-B073-82CCEBA685D6}.Debug|Any CPU.ActiveCfg = Debug|Any CPU
		{709278F7-AC13-45DC-B073-82CCEBA685D6}.Debug|Any CPU.Build.0 = Debug|Any CPU
		{709278F7-AC13-45DC-B073-82CCEBA685D6}.Release|Any CPU.ActiveCfg = Release|Any CPU
		{709278F7-AC13-45DC-B073-82CCEBA685D6}.Release|Any CPU.Build.0 = Release|Any CPU
	EndGlobalSection
	GlobalSection(SolutionProperties) = preSolution
		HideSolutionNode = FALSE
	EndGlobalSection
	GlobalSection(ExtensibilityGlobals) = postSolution
		SolutionGuid = {5FC8595C-0CE6-40EB-993D-7DC20031C2CE}
	EndGlobalSection
EndGlobal
