
Microsoft Visual Studio Solution File, Format Version 12.00
# Visual Studio Version 17
VisualStudioVersion = 17.8.34525.116
MinimumVisualStudioVersion = 10.0.40219.1
Project("{FAE04EC0-301F-11D3-BF4B-00C04F79EFBC}") = "Tutorial3_Class", "Tutorial3_Class.csproj", "{C73BC1AC-C1BC-4F91-A117-CCE0A865B6D2}"
EndProject
Global
	GlobalSection(SolutionConfigurationPlatforms) = preSolution
		Debug|Any CPU = Debug|Any CPU
		Release|Any CPU = Release|Any CPU
	EndGlobalSection
	GlobalSection(ProjectConfigurationPlatforms) = postSolution
		{C73BC1AC-C1BC-4F91-A117-CCE0A865B6D2}.Debug|Any CPU.ActiveCfg = Debug|Any CPU
		{C73BC1AC-C1BC-4F91-A117-CCE0A865B6D2}.Debug|Any CPU.Build.0 = Debug|Any CPU
		{C73BC1AC-C1BC-4F91-A117-CCE0A865B6D2}.Release|Any CPU.ActiveCfg = Release|Any CPU
		{C73BC1AC-C1BC-4F91-A117-CCE0A865B6D2}.Release|Any CPU.Build.0 = Release|Any CPU
	EndGlobalSection
	GlobalSection(SolutionProperties) = preSolution
		HideSolutionNode = FALSE
	EndGlobalSection
	GlobalSection(ExtensibilityGlobals) = postSolution
		SolutionGuid = {0A9C35F2-9E8A-40A5-8046-2F87A3E0E539}
	EndGlobalSection
EndGlobal
